
Microsoft Visual Studio Solution File, Format Version 12.00
# Visual Studio Version 17
VisualStudioVersion = 17.1.32210.238
MinimumVisualStudioVersion = 10.0.40219.1
Project("{9A19103F-16F7-4668-BE54-9A1E7A4F7556}") = "Geography", "Geography\Geography.csproj", "{FD19A02C-5EB4-4914-9E28-3EFA3CD52672}"
EndProject
Project("{9A19103F-16F7-4668-BE54-9A1E7A4F7556}") = "Geography.TestApp", "Geography.TestApp\Geography.TestApp.csproj", "{161ADE0B-BA04-4A05-95B2-1A3F2DB0502C}"
EndProject
Project("{9A19103F-16F7-4668-BE54-9A1E7A4F7556}") = "GeographyRouter", "GeographyRouter\GeographyRouter.csproj", "{CBE819A9-B13B-4C6F-940E-8F3167FA818A}"
EndProject
Global
	GlobalSection(SolutionConfigurationPlatforms) = preSolution
		Debug|Any CPU = Debug|Any CPU
		Release|Any CPU = Release|Any CPU
	EndGlobalSection
	GlobalSection(ProjectConfigurationPlatforms) = postSolution
		{FD19A02C-5EB4-4914-9E28-3EFA3CD52672}.Debug|Any CPU.ActiveCfg = Debug|Any CPU
		{FD19A02C-5EB4-4914-9E28-3EFA3CD52672}.Debug|Any CPU.Build.0 = Debug|Any CPU
		{FD19A02C-5EB4-4914-9E28-3EFA3CD52672}.Release|Any CPU.ActiveCfg = Release|Any CPU
		{FD19A02C-5EB4-4914-9E28-3EFA3CD52672}.Release|Any CPU.Build.0 = Release|Any CPU
		{161ADE0B-BA04-4A05-95B2-1A3F2DB0502C}.Debug|Any CPU.ActiveCfg = Debug|Any CPU
		{161ADE0B-BA04-4A05-95B2-1A3F2DB0502C}.Debug|Any CPU.Build.0 = Debug|Any CPU
		{161ADE0B-BA04-4A05-95B2-1A3F2DB0502C}.Release|Any CPU.ActiveCfg = Release|Any CPU
		{161ADE0B-BA04-4A05-95B2-1A3F2DB0502C}.Release|Any CPU.Build.0 = Release|Any CPU
		{CBE819A9-B13B-4C6F-940E-8F3167FA818A}.Debug|Any CPU.ActiveCfg = Debug|Any CPU
		{CBE819A9-B13B-4C6F-940E-8F3167FA818A}.Debug|Any CPU.Build.0 = Debug|Any CPU
		{CBE819A9-B13B-4C6F-940E-8F3167FA818A}.Release|Any CPU.ActiveCfg = Release|Any CPU
		{CBE819A9-B13B-4C6F-940E-8F3167FA818A}.Release|Any CPU.Build.0 = Release|Any CPU
	EndGlobalSection
	GlobalSection(SolutionProperties) = preSolution
		HideSolutionNode = FALSE
	EndGlobalSection
	GlobalSection(ExtensibilityGlobals) = postSolution
		SolutionGuid = {A5A18FBD-919F-4A45-BB3A-1B58D64CAD57}
	EndGlobalSection
EndGlobal
